
Microsoft Visual Studio Solution File, Format Version 12.00
# Visual Studio Version 16
VisualStudioVersion = 16.0.31005.135
MinimumVisualStudioVersion = 10.0.40219.1
Project("{FAE04EC0-301F-11D3-BF4B-00C04F79EFBC}") = "SCS", "SCS\SCS.csproj", "{A65B73E4-6909-465B-9ADF-DEBF61D8DBCD}"
EndProject
Global
	GlobalSection(SolutionConfigurationPlatforms) = preSolution
		Debug|Any CPU = Debug|Any CPU
		Release|Any CPU = Release|Any CPU
	EndGlobalSection
	GlobalSection(ProjectConfigurationPlatforms) = postSolution
		{A65B73E4-6909-465B-9ADF-DEBF61D8DBCD}.Debug|Any CPU.ActiveCfg = Debug|Any CPU
		{A65B73E4-6909-465B-9ADF-DEBF61D8DBCD}.Debug|Any CPU.Build.0 = Debug|Any CPU
		{A65B73E4-6909-465B-9ADF-DEBF61D8DBCD}.Release|Any CPU.ActiveCfg = Release|Any CPU
		{A65B73E4-6909-465B-9ADF-DEBF61D8DBCD}.Release|Any CPU.Build.0 = Release|Any CPU
	EndGlobalSection
	GlobalSection(SolutionProperties) = preSolution
		HideSolutionNode = FALSE
	EndGlobalSection
	GlobalSection(ExtensibilityGlobals) = postSolution
		SolutionGuid = {D8396080-1A88-41F9-946A-445AC7CD3BA6}
	EndGlobalSection
EndGlobal
