
Microsoft Visual Studio Solution File, Format Version 12.00
# Visual Studio Version 16
VisualStudioVersion = 16.0.30204.135
MinimumVisualStudioVersion = 10.0.40219.1
Project("{FAE04EC0-301F-11D3-BF4B-00C04F79EFBC}") = "SCS", "SCS.csproj", "{691651F1-B065-4B1F-99F1-7E3B89B6005F}"
EndProject
Global
	GlobalSection(SolutionConfigurationPlatforms) = preSolution
		Debug|Any CPU = Debug|Any CPU
		Release|Any CPU = Release|Any CPU
	EndGlobalSection
	GlobalSection(ProjectConfigurationPlatforms) = postSolution
		{691651F1-B065-4B1F-99F1-7E3B89B6005F}.Debug|Any CPU.ActiveCfg = Debug|Any CPU
		{691651F1-B065-4B1F-99F1-7E3B89B6005F}.Debug|Any CPU.Build.0 = Debug|Any CPU
		{691651F1-B065-4B1F-99F1-7E3B89B6005F}.Release|Any CPU.ActiveCfg = Release|Any CPU
		{691651F1-B065-4B1F-99F1-7E3B89B6005F}.Release|Any CPU.Build.0 = Release|Any CPU
	EndGlobalSection
	GlobalSection(SolutionProperties) = preSolution
		HideSolutionNode = FALSE
	EndGlobalSection
	GlobalSection(ExtensibilityGlobals) = postSolution
		SolutionGuid = {1A7241A7-3A8F-49DA-937F-1B82C812D443}
	EndGlobalSection
EndGlobal
